
Microsoft Visual Studio Solution File, Format Version 12.00
# Visual Studio 15
VisualStudioVersion = 15.0.27004.2006
MinimumVisualStudioVersion = 10.0.40219.1
Project("{8BC9CEB8-8B4A-11D0-8D11-00A0C91BC942}") = "kozoume", "kozoume.vcxproj", "{198BC100-A07D-4DCE-B0D9-2BED91ECB56B}"
EndProject
Global
	GlobalSection(Performance) = preSolution
		HasPerformanceSessions = true
	EndGlobalSection
	GlobalSection(SolutionConfigurationPlatforms) = preSolution
		Debug|x64 = Debug|x64
		Debug|x86 = Debug|x86
		Release|x64 = Release|x64
		Release|x86 = Release|x86
		test|x64 = test|x64
		test|x86 = test|x86
	EndGlobalSection
	GlobalSection(ProjectConfigurationPlatforms) = postSolution
		{198BC100-A07D-4DCE-B0D9-2BED91ECB56B}.Debug|x64.ActiveCfg = Debug|x64
		{198BC100-A07D-4DCE-B0D9-2BED91ECB56B}.Debug|x64.Build.0 = Debug|x64
		{198BC100-A07D-4DCE-B0D9-2BED91ECB56B}.Debug|x86.ActiveCfg = Debug|x64
		{198BC100-A07D-4DCE-B0D9-2BED91ECB56B}.Debug|x86.Build.0 = Debug|x64
		{198BC100-A07D-4DCE-B0D9-2BED91ECB56B}.Release|x64.ActiveCfg = Release|x64
		{198BC100-A07D-4DCE-B0D9-2BED91ECB56B}.Release|x64.Build.0 = Release|x64
		{198BC100-A07D-4DCE-B0D9-2BED91ECB56B}.Release|x86.ActiveCfg = Release|Win32
		{198BC100-A07D-4DCE-B0D9-2BED91ECB56B}.Release|x86.Build.0 = Release|Win32
		{198BC100-A07D-4DCE-B0D9-2BED91ECB56B}.test|x64.ActiveCfg = test|x64
		{198BC100-A07D-4DCE-B0D9-2BED91ECB56B}.test|x64.Build.0 = test|x64
		{198BC100-A07D-4DCE-B0D9-2BED91ECB56B}.test|x86.ActiveCfg = test|Win32
		{198BC100-A07D-4DCE-B0D9-2BED91ECB56B}.test|x86.Build.0 = test|Win32
	EndGlobalSection
	GlobalSection(SolutionProperties) = preSolution
		HideSolutionNode = FALSE
	EndGlobalSection
	GlobalSection(ExtensibilityGlobals) = postSolution
		SolutionGuid = {F1200C74-D7EA-438F-A01A-C9B2372D64FE}
	EndGlobalSection
	GlobalSection(Performance) = preSolution
		HasPerformanceSessions = true
	EndGlobalSection
	GlobalSection(Performance) = preSolution
		HasPerformanceSessions = true
	EndGlobalSection
EndGlobal
